
Microsoft Visual Studio Solution File, Format Version 12.00
# Visual Studio Version 17
VisualStudioVersion = 17.9.34607.119
MinimumVisualStudioVersion = 10.0.40219.1
Project("{2150E333-8FDC-42A3-9474-1A3956D46DE8}") = "src", "src", "{F9DCD00D-6386-4B40-BA01-A31D83E5DDA6}"
EndProject
Project("{2150E333-8FDC-42A3-9474-1A3956D46DE8}") = "Ziplink.Core", "Ziplink.Core", "{239F670B-B46C-41F5-834A-5E9669E960E2}"
EndProject
Project("{2150E333-8FDC-42A3-9474-1A3956D46DE8}") = "Ziplink.Infrastructure", "Ziplink.Infrastructure", "{B61B9C4C-1949-475F-A51D-EFDC2297069B}"
EndProject
Project("{2150E333-8FDC-42A3-9474-1A3956D46DE8}") = "Ziplink.Web", "Ziplink.Web", "{9B8E189D-D7F1-49A1-8FD9-3EF525C60604}"
EndProject
Project("{2150E333-8FDC-42A3-9474-1A3956D46DE8}") = "API", "API", "{984B1045-13CC-44FF-BF7E-34301CA8E0AF}"
EndProject
Project("{2150E333-8FDC-42A3-9474-1A3956D46DE8}") = "UI", "UI", "{ADB7D4C1-9D53-483C-8774-280F7A738E37}"
EndProject
Project("{9A19103F-16F7-4668-BE54-9A1E7A4F7556}") = "Ziplink.API", "Ziplink.API\Ziplink.API.csproj", "{D7C7872A-BB15-4680-AB27-42205D4327D8}"
EndProject
Project("{9A19103F-16F7-4668-BE54-9A1E7A4F7556}") = "Zipllink.Core", "Zipllink.Core\Zipllink.Core.csproj", "{99994760-F49A-47F1-8E48-B6071C36D44A}"
EndProject
Project("{9A19103F-16F7-4668-BE54-9A1E7A4F7556}") = "Ziplink.Infrastructure", "Ziplink.Infrastructure\Ziplink.Infrastructure.csproj", "{2B80F5B0-B1A6-4EE0-A9D1-A22A56AF6D3C}"
EndProject
Project("{2150E333-8FDC-42A3-9474-1A3956D46DE8}") = "Data", "Data", "{E9E1E644-A244-4BB4-96D1-CD80978E3F26}"
EndProject
Project("{2150E333-8FDC-42A3-9474-1A3956D46DE8}") = "Ziplink.Application", "Ziplink.Application", "{04B2855A-1B84-48C4-A4E4-36FAB70085A6}"
EndProject
Project("{9A19103F-16F7-4668-BE54-9A1E7A4F7556}") = "Ziplink.Application", "Ziplink.Application\Ziplink.Application.csproj", "{A6316F8F-D766-4123-AC68-461AEBB8435E}"
EndProject
Project("{54A90642-561A-4BB1-A94E-469ADEE60C69}") = "Ziplink.UI", "Ziplink.UI\Ziplink.UI.esproj", "{78D05BB2-1DEA-433A-B674-A8573F3028E4}"
EndProject
Project("{2150E333-8FDC-42A3-9474-1A3956D46DE8}") = "Ziplink.UserInterface", "Ziplink.UserInterface", "{1291752E-AF86-4E3C-9DB9-7110F709CF0C}"
EndProject
Project("{FAE04EC0-301F-11D3-BF4B-00C04F79EFBC}") = "Ziplink.UserInterface", "Ziplink.UserInterface\Ziplink.UserInterface.csproj", "{6BF7988F-3829-4A86-A63E-8E1D209480F1}"
EndProject
Global
	GlobalSection(SolutionConfigurationPlatforms) = preSolution
		Debug|Any CPU = Debug|Any CPU
		Release|Any CPU = Release|Any CPU
	EndGlobalSection
	GlobalSection(ProjectConfigurationPlatforms) = postSolution
		{D7C7872A-BB15-4680-AB27-42205D4327D8}.Debug|Any CPU.ActiveCfg = Debug|Any CPU
		{D7C7872A-BB15-4680-AB27-42205D4327D8}.Debug|Any CPU.Build.0 = Debug|Any CPU
		{D7C7872A-BB15-4680-AB27-42205D4327D8}.Release|Any CPU.ActiveCfg = Release|Any CPU
		{D7C7872A-BB15-4680-AB27-42205D4327D8}.Release|Any CPU.Build.0 = Release|Any CPU
		{99994760-F49A-47F1-8E48-B6071C36D44A}.Debug|Any CPU.ActiveCfg = Debug|Any CPU
		{99994760-F49A-47F1-8E48-B6071C36D44A}.Debug|Any CPU.Build.0 = Debug|Any CPU
		{99994760-F49A-47F1-8E48-B6071C36D44A}.Release|Any CPU.ActiveCfg = Release|Any CPU
		{99994760-F49A-47F1-8E48-B6071C36D44A}.Release|Any CPU.Build.0 = Release|Any CPU
		{2B80F5B0-B1A6-4EE0-A9D1-A22A56AF6D3C}.Debug|Any CPU.ActiveCfg = Debug|Any CPU
		{2B80F5B0-B1A6-4EE0-A9D1-A22A56AF6D3C}.Debug|Any CPU.Build.0 = Debug|Any CPU
		{2B80F5B0-B1A6-4EE0-A9D1-A22A56AF6D3C}.Release|Any CPU.ActiveCfg = Release|Any CPU
		{2B80F5B0-B1A6-4EE0-A9D1-A22A56AF6D3C}.Release|Any CPU.Build.0 = Release|Any CPU
		{A6316F8F-D766-4123-AC68-461AEBB8435E}.Debug|Any CPU.ActiveCfg = Debug|Any CPU
		{A6316F8F-D766-4123-AC68-461AEBB8435E}.Debug|Any CPU.Build.0 = Debug|Any CPU
		{A6316F8F-D766-4123-AC68-461AEBB8435E}.Release|Any CPU.ActiveCfg = Release|Any CPU
		{A6316F8F-D766-4123-AC68-461AEBB8435E}.Release|Any CPU.Build.0 = Release|Any CPU
		{78D05BB2-1DEA-433A-B674-A8573F3028E4}.Debug|Any CPU.ActiveCfg = Debug|Any CPU
		{78D05BB2-1DEA-433A-B674-A8573F3028E4}.Debug|Any CPU.Build.0 = Debug|Any CPU
		{78D05BB2-1DEA-433A-B674-A8573F3028E4}.Debug|Any CPU.Deploy.0 = Debug|Any CPU
		{78D05BB2-1DEA-433A-B674-A8573F3028E4}.Release|Any CPU.ActiveCfg = Release|Any CPU
		{78D05BB2-1DEA-433A-B674-A8573F3028E4}.Release|Any CPU.Build.0 = Release|Any CPU
		{78D05BB2-1DEA-433A-B674-A8573F3028E4}.Release|Any CPU.Deploy.0 = Release|Any CPU
		{6BF7988F-3829-4A86-A63E-8E1D209480F1}.Debug|Any CPU.ActiveCfg = Debug|Any CPU
		{6BF7988F-3829-4A86-A63E-8E1D209480F1}.Debug|Any CPU.Build.0 = Debug|Any CPU
		{6BF7988F-3829-4A86-A63E-8E1D209480F1}.Release|Any CPU.ActiveCfg = Release|Any CPU
		{6BF7988F-3829-4A86-A63E-8E1D209480F1}.Release|Any CPU.Build.0 = Release|Any CPU
	EndGlobalSection
	GlobalSection(SolutionProperties) = preSolution
		HideSolutionNode = FALSE
	EndGlobalSection
	GlobalSection(NestedProjects) = preSolution
		{239F670B-B46C-41F5-834A-5E9669E960E2} = {F9DCD00D-6386-4B40-BA01-A31D83E5DDA6}
		{B61B9C4C-1949-475F-A51D-EFDC2297069B} = {F9DCD00D-6386-4B40-BA01-A31D83E5DDA6}
		{9B8E189D-D7F1-49A1-8FD9-3EF525C60604} = {F9DCD00D-6386-4B40-BA01-A31D83E5DDA6}
		{984B1045-13CC-44FF-BF7E-34301CA8E0AF} = {9B8E189D-D7F1-49A1-8FD9-3EF525C60604}
		{ADB7D4C1-9D53-483C-8774-280F7A738E37} = {9B8E189D-D7F1-49A1-8FD9-3EF525C60604}
		{D7C7872A-BB15-4680-AB27-42205D4327D8} = {984B1045-13CC-44FF-BF7E-34301CA8E0AF}
		{99994760-F49A-47F1-8E48-B6071C36D44A} = {239F670B-B46C-41F5-834A-5E9669E960E2}
		{2B80F5B0-B1A6-4EE0-A9D1-A22A56AF6D3C} = {B61B9C4C-1949-475F-A51D-EFDC2297069B}
		{E9E1E644-A244-4BB4-96D1-CD80978E3F26} = {B61B9C4C-1949-475F-A51D-EFDC2297069B}
		{04B2855A-1B84-48C4-A4E4-36FAB70085A6} = {F9DCD00D-6386-4B40-BA01-A31D83E5DDA6}
		{A6316F8F-D766-4123-AC68-461AEBB8435E} = {04B2855A-1B84-48C4-A4E4-36FAB70085A6}
		{78D05BB2-1DEA-433A-B674-A8573F3028E4} = {ADB7D4C1-9D53-483C-8774-280F7A738E37}
		{1291752E-AF86-4E3C-9DB9-7110F709CF0C} = {F9DCD00D-6386-4B40-BA01-A31D83E5DDA6}
		{6BF7988F-3829-4A86-A63E-8E1D209480F1} = {1291752E-AF86-4E3C-9DB9-7110F709CF0C}
	EndGlobalSection
	GlobalSection(ExtensibilityGlobals) = postSolution
		SolutionGuid = {C81E76AA-2A20-413F-960B-2ACCDB95190D}
	EndGlobalSection
EndGlobal
